
Microsoft Visual Studio Solution File, Format Version 12.00
# Visual Studio Version 16
VisualStudioVersion = 16.0.31321.278
MinimumVisualStudioVersion = 10.0.40219.1
Project("{FAE04EC0-301F-11D3-BF4B-00C04F79EFBC}") = "NEW.LSP.UI", "NEW.LSP.UI\NEW.LSP.UI.csproj", "{AECD9813-18B1-4620-9777-88BECD75A162}"
EndProject
Project("{FAE04EC0-301F-11D3-BF4B-00C04F79EFBC}") = "NEW.LSP.Dta", "NEW.LSP.Dta\NEW.LSP.Dta.csproj", "{7C237F16-B0AE-4543-AECA-8DBBC967158A}"
EndProject
Project("{FAE04EC0-301F-11D3-BF4B-00C04F79EFBC}") = "NEW.LSP.Dto", "NEW.LSP.Dto\NEW.LSP.Dto.csproj", "{72B9555B-86F3-4678-A4CA-29076167933C}"
EndProject
Project("{FAE04EC0-301F-11D3-BF4B-00C04F79EFBC}") = "NEW.LSP.Logic", "NEW.LSP.Logic\NEW.LSP.Logic.csproj", "{0D776E23-27AE-4F6A-BE02-3B1BD42DA2E5}"
EndProject
Global
	GlobalSection(SolutionConfigurationPlatforms) = preSolution
		Debug|Any CPU = Debug|Any CPU
		Release|Any CPU = Release|Any CPU
	EndGlobalSection
	GlobalSection(ProjectConfigurationPlatforms) = postSolution
		{AECD9813-18B1-4620-9777-88BECD75A162}.Debug|Any CPU.ActiveCfg = Debug|Any CPU
		{AECD9813-18B1-4620-9777-88BECD75A162}.Debug|Any CPU.Build.0 = Debug|Any CPU
		{AECD9813-18B1-4620-9777-88BECD75A162}.Release|Any CPU.ActiveCfg = Release|Any CPU
		{AECD9813-18B1-4620-9777-88BECD75A162}.Release|Any CPU.Build.0 = Release|Any CPU
		{7C237F16-B0AE-4543-AECA-8DBBC967158A}.Debug|Any CPU.ActiveCfg = Debug|Any CPU
		{7C237F16-B0AE-4543-AECA-8DBBC967158A}.Debug|Any CPU.Build.0 = Debug|Any CPU
		{7C237F16-B0AE-4543-AECA-8DBBC967158A}.Release|Any CPU.ActiveCfg = Release|Any CPU
		{7C237F16-B0AE-4543-AECA-8DBBC967158A}.Release|Any CPU.Build.0 = Release|Any CPU
		{72B9555B-86F3-4678-A4CA-29076167933C}.Debug|Any CPU.ActiveCfg = Debug|Any CPU
		{72B9555B-86F3-4678-A4CA-29076167933C}.Debug|Any CPU.Build.0 = Debug|Any CPU
		{72B9555B-86F3-4678-A4CA-29076167933C}.Release|Any CPU.ActiveCfg = Release|Any CPU
		{72B9555B-86F3-4678-A4CA-29076167933C}.Release|Any CPU.Build.0 = Release|Any CPU
		{0D776E23-27AE-4F6A-BE02-3B1BD42DA2E5}.Debug|Any CPU.ActiveCfg = Debug|Any CPU
		{0D776E23-27AE-4F6A-BE02-3B1BD42DA2E5}.Debug|Any CPU.Build.0 = Debug|Any CPU
		{0D776E23-27AE-4F6A-BE02-3B1BD42DA2E5}.Release|Any CPU.ActiveCfg = Release|Any CPU
		{0D776E23-27AE-4F6A-BE02-3B1BD42DA2E5}.Release|Any CPU.Build.0 = Release|Any CPU
	EndGlobalSection
	GlobalSection(SolutionProperties) = preSolution
		HideSolutionNode = FALSE
	EndGlobalSection
	GlobalSection(ExtensibilityGlobals) = postSolution
		SolutionGuid = {8C619FFD-4778-4313-BC90-4D07E45B75F9}
	EndGlobalSection
EndGlobal
